
Microsoft Visual Studio Solution File, Format Version 12.00
# Visual Studio Version 17
VisualStudioVersion = 17.9.34616.47
MinimumVisualStudioVersion = 10.0.40219.1
Project("{FAE04EC0-301F-11D3-BF4B-00C04F79EFBC}") = "Prac1", "Prac1\Prac1.csproj", "{3CE9B211-88C1-4116-B2DC-4FF727F86342}"
EndProject
Global
	GlobalSection(SolutionConfigurationPlatforms) = preSolution
		Debug|Any CPU = Debug|Any CPU
		Release|Any CPU = Release|Any CPU
	EndGlobalSection
	GlobalSection(ProjectConfigurationPlatforms) = postSolution
		{3CE9B211-88C1-4116-B2DC-4FF727F86342}.Debug|Any CPU.ActiveCfg = Debug|Any CPU
		{3CE9B211-88C1-4116-B2DC-4FF727F86342}.Debug|Any CPU.Build.0 = Debug|Any CPU
		{3CE9B211-88C1-4116-B2DC-4FF727F86342}.Release|Any CPU.ActiveCfg = Release|Any CPU
		{3CE9B211-88C1-4116-B2DC-4FF727F86342}.Release|Any CPU.Build.0 = Release|Any CPU
	EndGlobalSection
	GlobalSection(SolutionProperties) = preSolution
		HideSolutionNode = FALSE
	EndGlobalSection
	GlobalSection(ExtensibilityGlobals) = postSolution
		SolutionGuid = {3295F0FF-38A2-40E4-8A8A-AC6B80F88523}
	EndGlobalSection
EndGlobal
